// !$*UTF8*$!
{
	archiveVersion = 1;
	classes = {
	};
	objectVersion = 55;
	objects = {

/* Begin PBXBuildFile section */
		927AFA23282CE1C6002B7F5D /* AppDelegate.swift in Sources */ = {isa = PBXBuildFile; fileRef = 927AFA22282CE1C6002B7F5D /* AppDelegate.swift */; };
		927AFA25282CE1C6002B7F5D /* SceneDelegate.swift in Sources */ = {isa = PBXBuildFile; fileRef = 927AFA24282CE1C6002B7F5D /* SceneDelegate.swift */; };
		927AFA27282CE1C6002B7F5D /* ViewController.swift in Sources */ = {isa = PBXBuildFile; fileRef = 927AFA26282CE1C6002B7F5D /* ViewController.swift */; };
		927AFA2A282CE1C6002B7F5D /* Main.storyboard in Resources */ = {isa = PBXBuildFile; fileRef = 927AFA28282CE1C6002B7F5D /* Main.storyboard */; };
		927AFA2C282CE1C9002B7F5D /* Assets.xcassets in Resources */ = {isa = PBXBuildFile; fileRef = 927AFA2B282CE1C9002B7F5D /* Assets.xcassets */; };
		927AFA2F282CE1C9002B7F5D /* LaunchScreen.storyboard in Resources */ = {isa = PBXBuildFile; fileRef = 927AFA2D282CE1C9002B7F5D /* LaunchScreen.storyboard */; };
		927AFA3A282CE1C9002B7F5D /* PreworkTests.swift in Sources */ = {isa = PBXBuildFile; fileRef = 927AFA39282CE1C9002B7F5D /* PreworkTests.swift */; };
		927AFA44282CE1CA002B7F5D /* PreworkUITests.swift in Sources */ = {isa = PBXBuildFile; fileRef = 927AFA43282CE1CA002B7F5D /* PreworkUITests.swift */; };
		927AFA46282CE1CA002B7F5D /* PreworkUITestsLaunchTests.swift in Sources */ = {isa = PBXBuildFile; fileRef = 927AFA45282CE1CA002B7F5D /* PreworkUITestsLaunchTests.swift */; };
/* End PBXBuildFile section */

/* Begin PBXContainerItemProxy section */
		927AFA36282CE1C9002B7F5D /* PBXContainerItemProxy */ = {
			isa = PBXContainerItemProxy;
			containerPortal = 927AFA17282CE1C6002B7F5D /* Project object */;
			proxyType = 1;
			remoteGlobalIDString = 927AFA1E282CE1C6002B7F5D;
			remoteInfo = Prework;
		};
		927AFA40282CE1CA002B7F5D /* PBXContainerItemProxy */ = {
			isa = PBXContainerItemProxy;
			containerPortal = 927AFA17282CE1C6002B7F5D /* Project object */;
			proxyType = 1;
			remoteGlobalIDString = 927AFA1E282CE1C6002B7F5D;
			remoteInfo = Prework;
		};
/* End PBXContainerItemProxy section */

/* Begin PBXFileReference section */
		927AFA1F282CE1C6002B7F5D /* Prework.app */ = {isa = PBXFileReference; explicitFileType = wrapper.application; includeInIndex = 0; path = Prework.app; sourceTree = BUILT_PRODUCTS_DIR; };
		927AFA22282CE1C6002B7F5D /* AppDelegate.swift */ = {isa = PBXFileReference; lastKnownFileType = sourcecode.swift; path = AppDelegate.swift; sourceTree = "<group>"; };
		927AFA24282CE1C6002B7F5D /* SceneDelegate.swift */ = {isa = PBXFileReference; lastKnownFileType = sourcecode.swift; path = SceneDelegate.swift; sourceTree = "<group>"; };
		927AFA26282CE1C6002B7F5D /* ViewController.swift */ = {isa = PBXFileReference; lastKnownFileType = sourcecode.swift; path = ViewController.swift; sourceTree = "<group>"; };
		927AFA29282CE1C6002B7F5D /* Base */ = {isa = PBXFileReference; lastKnownFileType = file.storyboard; name = Base; path = Base.lproj/Main.storyboard; sourceTree = "<group>"; };
		927AFA2B282CE1C9002B7F5D /* Assets.xcassets */ = {isa = PBXFileReference; lastKnownFileType = folder.assetcatalog; path = Assets.xcassets; sourceTree = "<group>"; };
		927AFA2E282CE1C9002B7F5D /* Base */ = {isa = PBXFileReference; lastKnownFileType = file.storyboard; name = Base; path = Base.lproj/LaunchScreen.storyboard; sourceTree = "<group>"; };
		927AFA30282CE1C9002B7F5D /* Info.plist */ = {isa = PBXFileReference; lastKnownFileType = text.plist.xml; path = Info.plist; sourceTree = "<group>"; };
		927AFA35282CE1C9002B7F5D /* PreworkTests.xctest */ = {isa = PBXFileReference; explicitFileType = wrapper.cfbundle; includeInIndex = 0; path = PreworkTests.xctest; sourceTree = BUILT_PRODUCTS_DIR; };
		927AFA39282CE1C9002B7F5D /* PreworkTests.swift */ = {isa = PBXFileReference; lastKnownFileType = sourcecode.swift; path = PreworkTests.swift; sourceTree = "<group>"; };
		927AFA3F282CE1CA002B7F5D /* PreworkUITests.xctest */ = {isa = PBXFileReference; explicitFileType = wrapper.cfbundle; includeInIndex = 0; path = PreworkUITests.xctest; sourceTree = BUILT_PRODUCTS_DIR; };
		927AFA43282CE1CA002B7F5D /* PreworkUITests.swift */ = {isa = PBXFileReference; lastKnownFileType = sourcecode.swift; path = PreworkUITests.swift; sourceTree = "<group>"; };
		927AFA45282CE1CA002B7F5D /* PreworkUITestsLaunchTests.swift */ = {isa = PBXFileReference; lastKnownFileType = sourcecode.swift; path = PreworkUITestsLaunchTests.swift; sourceTree = "<group>"; };
/* End PBXFileReference section */

/* Begin PBXFrameworksBuildPhase section */
		927AFA1C282CE1C6002B7F5D /* Frameworks */ = {
			isa = PBXFrameworksBuildPhase;
			buildActionMask = 2147483647;
			files = (
			);
			runOnlyForDeploymentPostprocessing = 0;
		};
		927AFA32282CE1C9002B7F5D /* Frameworks */ = {
			isa = PBXFrameworksBuildPhase;
			buildActionMask = 2147483647;
			files = (
			);
			runOnlyForDeploymentPostprocessing = 0;
		};
		927AFA3C282CE1CA002B7F5D /* Frameworks */ = {
			isa = PBXFrameworksBuildPhase;
			buildActionMask = 2147483647;
			files = (
			);
			runOnlyForDeploymentPostprocessing = 0;
		};
/* End PBXFrameworksBuildPhase section */

/* Begin PBXGroup section */
		927AFA16282CE1C6002B7F5D = {
			isa = PBXGroup;
			children = (
				927AFA21282CE1C6002B7F5D /* Prework */,
				927AFA38282CE1C9002B7F5D /* PreworkTests */,
				927AFA42282CE1CA002B7F5D /* PreworkUITests */,
				927AFA20282CE1C6002B7F5D /* Products */,
			);
			sourceTree = "<group>";
		};
		927AFA20282CE1C6002B7F5D /* Products */ = {
			isa = PBXGroup;
			children = (
				927AFA1F282CE1C6002B7F5D /* Prework.app */,
				927AFA35282CE1C9002B7F5D /* PreworkTests.xctest */,
				927AFA3F282CE1CA002B7F5D /* PreworkUITests.xctest */,
			);
			name = Products;
			sourceTree = "<group>";
		};
		927AFA21282CE1C6002B7F5D /* Prework */ = {
			isa = PBXGroup;
			children = (
				927AFA22282CE1C6002B7F5D /* AppDelegate.swift */,
				927AFA24282CE1C6002B7F5D /* SceneDelegate.swift */,
				927AFA26282CE1C6002B7F5D /* ViewController.swift */,
				927AFA28282CE1C6002B7F5D /* Main.storyboard */,
				927AFA2B282CE1C9002B7F5D /* Assets.xcassets */,
				927AFA2D282CE1C9002B7F5D /* LaunchScreen.storyboard */,
				927AFA30282CE1C9002B7F5D /* Info.plist */,
			);
			path = Prework;
			sourceTree = "<group>";
		};
		927AFA38282CE1C9002B7F5D /* PreworkTests */ = {
			isa = PBXGroup;
			children = (
				927AFA39282CE1C9002B7F5D /* PreworkTests.swift */,
			);
			path = PreworkTests;
			sourceTree = "<group>";
		};
		927AFA42282CE1CA002B7F5D /* PreworkUITests */ = {
			isa = PBXGroup;
			children = (
				927AFA43282CE1CA002B7F5D /* PreworkUITests.swift */,
				927AFA45282CE1CA002B7F5D /* PreworkUITestsLaunchTests.swift */,
			);
			path = PreworkUITests;
			sourceTree = "<group>";
		};
/* End PBXGroup section */

/* Begin PBXNativeTarget section */
		927AFA1E282CE1C6002B7F5D /* Prework */ = {
			isa = PBXNativeTarget;
			buildConfigurationList = 927AFA49282CE1CA002B7F5D /* Build configuration list for PBXNativeTarget "Prework" */;
			buildPhases = (
				927AFA1B282CE1C6002B7F5D /* Sources */,
				927AFA1C282CE1C6002B7F5D /* Frameworks */,
				927AFA1D282CE1C6002B7F5D /* Resources */,
			);
			buildRules = (
			);
			dependencies = (
			);
			name = Prework;
			productName = Prework;
			productReference = 927AFA1F282CE1C6002B7F5D /* Prework.app */;
			productType = "com.apple.product-type.application";
		};
		927AFA34282CE1C9002B7F5D /* PreworkTests */ = {
			isa = PBXNativeTarget;
			buildConfigurationList = 927AFA4C282CE1CA002B7F5D /* Build configuration list for PBXNativeTarget "PreworkTests" */;
			buildPhases = (
				927AFA31282CE1C9002B7F5D /* Sources */,
				927AFA32282CE1C9002B7F5D /* Frameworks */,
				927AFA33282CE1C9002B7F5D /* Resources */,
			);
			buildRules = (
			);
			dependencies = (
				927AFA37282CE1C9002B7F5D /* PBXTargetDependency */,
			);
			name = PreworkTests;
			productName = PreworkTests;
			productReference = 927AFA35282CE1C9002B7F5D /* PreworkTests.xctest */;
			productType = "com.apple.product-type.bundle.unit-test";
		};
		927AFA3E282CE1CA002B7F5D /* PreworkUITests */ = {
			isa = PBXNativeTarget;
			buildConfigurationList = 927AFA4F282CE1CA002B7F5D /* Build configuration list for PBXNativeTarget "PreworkUITests" */;
			buildPhases = (
				927AFA3B282CE1CA002B7F5D /* Sources */,
				927AFA3C282CE1CA002B7F5D /* Frameworks */,
				927AFA3D282CE1CA002B7F5D /* Resources */,
			);
			buildRules = (
			);
			dependencies = (
				927AFA41282CE1CA002B7F5D /* PBXTargetDependency */,
			);
			name = PreworkUITests;
			productName = PreworkUITests;
			productReference = 927AFA3F282CE1CA002B7F5D /* PreworkUITests.xctest */;
			productType = "com.apple.product-type.bundle.ui-testing";
		};
/* End PBXNativeTarget section */

/* Begin PBXProject section */
		927AFA17282CE1C6002B7F5D /* Project object */ = {
			isa = PBXProject;
			attributes = {
				BuildIndependentTargetsInParallel = 1;
				LastSwiftUpdateCheck = 1330;
				LastUpgradeCheck = 1330;
				TargetAttributes = {
					927AFA1E282CE1C6002B7F5D = {
						CreatedOnToolsVersion = 13.3.1;
					};
					927AFA34282CE1C9002B7F5D = {
						CreatedOnToolsVersion = 13.3.1;
						TestTargetID = 927AFA1E282CE1C6002B7F5D;
					};
					927AFA3E282CE1CA002B7F5D = {
						CreatedOnToolsVersion = 13.3.1;
						TestTargetID = 927AFA1E282CE1C6002B7F5D;
					};
				};
			};
			buildConfigurationList = 927AFA1A282CE1C6002B7F5D /* Build configuration list for PBXProject "Prework" */;
			compatibilityVersion = "Xcode 13.0";
			developmentRegion = en;
			hasScannedForEncodings = 0;
			knownRegions = (
				en,
				Base,
			);
			mainGroup = 927AFA16282CE1C6002B7F5D;
			productRefGroup = 927AFA20282CE1C6002B7F5D /* Products */;
			projectDirPath = "";
			projectRoot = "";
			targets = (
				927AFA1E282CE1C6002B7F5D /* Prework */,
				927AFA34282CE1C9002B7F5D /* PreworkTests */,
				927AFA3E282CE1CA002B7F5D /* PreworkUITests */,
			);
		};
/* End PBXProject section */

/* Begin PBXResourcesBuildPhase section */
		927AFA1D282CE1C6002B7F5D /* Resources */ = {
			isa = PBXResourcesBuildPhase;
			buildActionMask = 2147483647;
			files = (
				927AFA2F282CE1C9002B7F5D /* LaunchScreen.storyboard in Resources */,
				927AFA2C282CE1C9002B7F5D /* Assets.xcassets in Resources */,
				927AFA2A282CE1C6002B7F5D /* Main.storyboard in Resources */,
			);
			runOnlyForDeploymentPostprocessing = 0;
		};
		927AFA33282CE1C9002B7F5D /* Resources */ = {
			isa = PBXResourcesBuildPhase;
			buildActionMask = 2147483647;
			files = (
			);
			runOnlyForDeploymentPostprocessing = 0;
		};
		927AFA3D282CE1CA002B7F5D /* Resources */ = {
			isa = PBXResourcesBuildPhase;
			buildActionMask = 2147483647;
			files = (
			);
			runOnlyForDeploymentPostprocessing = 0;
		};
/* End PBXResourcesBuildPhase section */

/* Begin PBXSourcesBuildPhase section */
		927AFA1B282CE1C6002B7F5D /* Sources */ = {
			isa = PBXSourcesBuildPhase;
			buildActionMask = 2147483647;
			files = (
				927AFA27282CE1C6002B7F5D /* ViewController.swift in Sources */,
				927AFA23282CE1C6002B7F5D /* AppDelegate.swift in Sources */,
				927AFA25282CE1C6002B7F5D /* SceneDelegate.swift in Sources */,
			);
			runOnlyForDeploymentPostprocessing = 0;
		};
		927AFA31282CE1C9002B7F5D /* Sources */ = {
			isa = PBXSourcesBuildPhase;
			buildActionMask = 2147483647;
			files = (
				927AFA3A282CE1C9002B7F5D /* PreworkTests.swift in Sources */,
			);
			runOnlyForDeploymentPostprocessing = 0;
		};
		927AFA3B282CE1CA002B7F5D /* Sources */ = {
			isa = PBXSourcesBuildPhase;
			buildActionMask = 2147483647;
			files = (
				927AFA44282CE1CA002B7F5D /* PreworkUITests.swift in Sources */,
				927AFA46282CE1CA002B7F5D /* PreworkUITestsLaunchTests.swift in Sources */,
			);
			runOnlyForDeploymentPostprocessing = 0;
		};
/* End PBXSourcesBuildPhase section */

/* Begin PBXTargetDependency section */
		927AFA37282CE1C9002B7F5D /* PBXTargetDependency */ = {
			isa = PBXTargetDependency;
			target = 927AFA1E282CE1C6002B7F5D /* Prework */;
			targetProxy = 927AFA36282CE1C9002B7F5D /* PBXContainerItemProxy */;
		};
		927AFA41282CE1CA002B7F5D /* PBXTargetDependency */ = {
			isa = PBXTargetDependency;
			target = 927AFA1E282CE1C6002B7F5D /* Prework */;
			targetProxy = 927AFA40282CE1CA002B7F5D /* PBXContainerItemProxy */;
		};
/* End PBXTargetDependency section */

/* Begin PBXVariantGroup section */
		927AFA28282CE1C6002B7F5D /* Main.storyboard */ = {
			isa = PBXVariantGroup;
			children = (
				927AFA29282CE1C6002B7F5D /* Base */,
			);
			name = Main.storyboard;
			sourceTree = "<group>";
		};
		927AFA2D282CE1C9002B7F5D /* LaunchScreen.storyboard */ = {
			isa = PBXVariantGroup;
			children = (
				927AFA2E282CE1C9002B7F5D /* Base */,
			);
			name = LaunchScreen.storyboard;
			sourceTree = "<group>";
		};
/* End PBXVariantGroup section */

/* Begin XCBuildConfiguration section */
		927AFA47282CE1CA002B7F5D /* Debug */ = {
			isa = XCBuildConfiguration;
			buildSettings = {
				ALWAYS_SEARCH_USER_PATHS = NO;
				CLANG_ANALYZER_NONNULL = YES;
				CLANG_ANALYZER_NUMBER_OBJECT_CONVERSION = YES_AGGRESSIVE;
				CLANG_CXX_LANGUAGE_STANDARD = "gnu++17";
				CLANG_ENABLE_MODULES = YES;
				CLANG_ENABLE_OBJC_ARC = YES;
				CLANG_ENABLE_OBJC_WEAK = YES;
				CLANG_WARN_BLOCK_CAPTURE_AUTORELEASING = YES;
				CLANG_WARN_BOOL_CONVERSION = YES;
				CLANG_WARN_COMMA = YES;
				CLANG_WARN_CONSTANT_CONVERSION = YES;
				CLANG_WARN_DEPRECATED_OBJC_IMPLEMENTATIONS = YES;
				CLANG_WARN_DIRECT_OBJC_ISA_USAGE = YES_ERROR;
				CLANG_WARN_DOCUMENTATION_COMMENTS = YES;
				CLANG_WARN_EMPTY_BODY = YES;
				CLANG_WARN_ENUM_CONVERSION = YES;
				CLANG_WARN_INFINITE_RECURSION = YES;
				CLANG_WARN_INT_CONVERSION = YES;
				CLANG_WARN_NON_LITERAL_NULL_CONVERSION = YES;
				CLANG_WARN_OBJC_IMPLICIT_RETAIN_SELF = YES;
				CLANG_WARN_OBJC_LITERAL_CONVERSION = YES;
				CLANG_WARN_OBJC_ROOT_CLASS = YES_ERROR;
				CLANG_WARN_QUOTED_INCLUDE_IN_FRAMEWORK_HEADER = YES;
				CLANG_WARN_RANGE_LOOP_ANALYSIS = YES;
				CLANG_WARN_STRICT_PROTOTYPES = YES;
				CLANG_WARN_SUSPICIOUS_MOVE = YES;
				CLANG_WARN_UNGUARDED_AVAILABILITY = YES_AGGRESSIVE;
				CLANG_WARN_UNREACHABLE_CODE = YES;
				CLANG_WARN__DUPLICATE_METHOD_MATCH = YES;
				COPY_PHASE_STRIP = NO;
				DEBUG_INFORMATION_FORMAT = dwarf;
				ENABLE_STRICT_OBJC_MSGSEND = YES;
				ENABLE_TESTABILITY = YES;
				GCC_C_LANGUAGE_STANDARD = gnu11;
				GCC_DYNAMIC_NO_PIC = NO;
				GCC_NO_COMMON_BLOCKS = YES;
				GCC_OPTIMIZATION_LEVEL = 0;
				GCC_PREPROCESSOR_DEFINITIONS = (
					"DEBUG=1",
					"$(inherited)",
				);
				GCC_WARN_64_TO_32_BIT_CONVERSION = YES;
				GCC_WARN_ABOUT_RETURN_TYPE = YES_ERROR;
				GCC_WARN_UNDECLARED_SELECTOR = YES;
				GCC_WARN_UNINITIALIZED_AUTOS = YES_AGGRESSIVE;
				GCC_WARN_UNUSED_FUNCTION = YES;
				GCC_WARN_UNUSED_VARIABLE = YES;
				IPHONEOS_DEPLOYMENT_TARGET = 15.4;
				MTL_ENABLE_DEBUG_INFO = INCLUDE_SOURCE;
				MTL_FAST_MATH = YES;
				ONLY_ACTIVE_ARCH = YES;
				SDKROOT = iphoneos;
				SWIFT_ACTIVE_COMPILATION_CONDITIONS = DEBUG;
				SWIFT_OPTIMIZATION_LEVEL = "-Onone";
			};
			name = Debug;
		};
		927AFA48282CE1CA002B7F5D /* Release */ = {
			isa = XCBuildConfiguration;
			buildSettings = {
				ALWAYS_SEARCH_USER_PATHS = NO;
				CLANG_ANALYZER_NONNULL = YES;
				CLANG_ANALYZER_NUMBER_OBJECT_CONVERSION = YES_AGGRESSIVE;
				CLANG_CXX_LANGUAGE_STANDARD = "gnu++17";
				CLANG_ENABLE_MODULES = YES;
				CLANG_ENABLE_OBJC_ARC = YES;
				CLANG_ENABLE_OBJC_WEAK = YES;
				CLANG_WARN_BLOCK_CAPTURE_AUTORELEASING = YES;
				CLANG_WARN_BOOL_CONVERSION = YES;
				CLANG_WARN_COMMA = YES;
				CLANG_WARN_CONSTANT_CONVERSION = YES;
				CLANG_WARN_DEPRECATED_OBJC_IMPLEMENTATIONS = YES;
				CLANG_WARN_DIRECT_OBJC_ISA_USAGE = YES_ERROR;
				CLANG_WARN_DOCUMENTATION_COMMENTS = YES;
				CLANG_WARN_EMPTY_BODY = YES;
				CLANG_WARN_ENUM_CONVERSION = YES;
				CLANG_WARN_INFINITE_RECURSION = YES;
				CLANG_WARN_INT_CONVERSION = YES;
				CLANG_WARN_NON_LITERAL_NULL_CONVERSION = YES;
				CLANG_WARN_OBJC_IMPLICIT_RETAIN_SELF = YES;
				CLANG_WARN_OBJC_LITERAL_CONVERSION = YES;
				CLANG_WARN_OBJC_ROOT_CLASS = YES_ERROR;
				CLANG_WARN_QUOTED_INCLUDE_IN_FRAMEWORK_HEADER = YES;
				CLANG_WARN_RANGE_LOOP_ANALYSIS = YES;
				CLANG_WARN_STRICT_PROTOTYPES = YES;
				CLANG_WARN_SUSPICIOUS_MOVE = YES;
				CLANG_WARN_UNGUARDED_AVAILABILITY = YES_AGGRESSIVE;
				CLANG_WARN_UNREACHABLE_CODE = YES;
				CLANG_WARN__DUPLICATE_METHOD_MATCH = YES;
				COPY_PHASE_STRIP = NO;
				DEBUG_INFORMATION_FORMAT = "dwarf-with-dsym";
				ENABLE_NS_ASSERTIONS = NO;
				ENABLE_STRICT_OBJC_MSGSEND = YES;
				GCC_C_LANGUAGE_STANDARD = gnu11;
				GCC_NO_COMMON_BLOCKS = YES;
				GCC_WARN_64_TO_32_BIT_CONVERSION = YES;
				GCC_WARN_ABOUT_RETURN_TYPE = YES_ERROR;
				GCC_WARN_UNDECLARED_SELECTOR = YES;
				GCC_WARN_UNINITIALIZED_AUTOS = YES_AGGRESSIVE;
				GCC_WARN_UNUSED_FUNCTION = YES;
				GCC_WARN_UNUSED_VARIABLE = YES;
				IPHONEOS_DEPLOYMENT_TARGET = 15.4;
				MTL_ENABLE_DEBUG_INFO = NO;
				MTL_FAST_MATH = YES;
				SDKROOT = iphoneos;
				SWIFT_COMPILATION_MODE = wholemodule;
				SWIFT_OPTIMIZATION_LEVEL = "-O";
				VALIDATE_PRODUCT = YES;
			};
			name = Release;
		};
		927AFA4A282CE1CA002B7F5D /* Debug */ = {
			isa = XCBuildConfiguration;
			buildSettings = {
				ASSETCATALOG_COMPILER_APPICON_NAME = AppIcon;
				ASSETCATALOG_COMPILER_GLOBAL_ACCENT_COLOR_NAME = AccentColor;
				CODE_SIGN_STYLE = Automatic;
				CURRENT_PROJECT_VERSION = 1;
				GENERATE_INFOPLIST_FILE = YES;
				INFOPLIST_FILE = Prework/Info.plist;
				INFOPLIST_KEY_UIApplicationSupportsIndirectInputEvents = YES;
				INFOPLIST_KEY_UILaunchStoryboardName = LaunchScreen;
				INFOPLIST_KEY_UIMainStoryboardFile = Main;
				INFOPLIST_KEY_UISupportedInterfaceOrientations_iPad = "UIInterfaceOrientationPortrait UIInterfaceOrientationPortraitUpsideDown UIInterfaceOrientationLandscapeLeft UIInterfaceOrientationLandscapeRight";
				INFOPLIST_KEY_UISupportedInterfaceOrientations_iPhone = "UIInterfaceOrientationPortrait UIInterfaceOrientationLandscapeLeft UIInterfaceOrientationLandscapeRight";
				LD_RUNPATH_SEARCH_PATHS = (
					"$(inherited)",
					"@executable_path/Frameworks",
				);
				MARKETING_VERSION = 1.0;
				PRODUCT_BUNDLE_IDENTIFIER = memo.com.Prework;
				PRODUCT_NAME = "$(TARGET_NAME)";
				SWIFT_EMIT_LOC_STRINGS = YES;
				SWIFT_VERSION = 5.0;
				TARGETED_DEVICE_FAMILY = "1,2";
			};
			name = Debug;
		};
		927AFA4B282CE1CA002B7F5D /* Release */ = {
			isa = XCBuildConfiguration;
			buildSettings = {
				ASSETCATALOG_COMPILER_APPICON_NAME = AppIcon;
				ASSETCATALOG_COMPILER_GLOBAL_ACCENT_COLOR_NAME = AccentColor;
				CODE_SIGN_STYLE = Automatic;
				CURRENT_PROJECT_VERSION = 1;
				GENERATE_INFOPLIST_FILE = YES;
				INFOPLIST_FILE = Prework/Info.plist;
				INFOPLIST_KEY_UIApplicationSupportsIndirectInputEvents = YES;
				INFOPLIST_KEY_UILaunchStoryboardName = LaunchScreen;
				INFOPLIST_KEY_UIMainStoryboardFile = Main;
				INFOPLIST_KEY_UISupportedInterfaceOrientations_iPad = "UIInterfaceOrientationPortrait UIInterfaceOrientationPortraitUpsideDown UIInterfaceOrientationLandscapeLeft UIInterfaceOrientationLandscapeRight";
				INFOPLIST_KEY_UISupportedInterfaceOrientations_iPhone = "UIInterfaceOrientationPortrait UIInterfaceOrientationLandscapeLeft UIInterfaceOrientationLandscapeRight";
				LD_RUNPATH_SEARCH_PATHS = (
					"$(inherited)",
					"@executable_path/Frameworks",
				);
				MARKETING_VERSION = 1.0;
				PRODUCT_BUNDLE_IDENTIFIER = memo.com.Prework;
				PRODUCT_NAME = "$(TARGET_NAME)";
				SWIFT_EMIT_LOC_STRINGS = YES;
				SWIFT_VERSION = 5.0;
				TARGETED_DEVICE_FAMILY = "1,2";
			};
			name = Release;
		};
		927AFA4D282CE1CA002B7F5D /* Debug */ = {
			isa = XCBuildConfiguration;
			buildSettings = {
				ALWAYS_EMBED_SWIFT_STANDARD_LIBRARIES = YES;
				BUNDLE_LOADER = "$(TEST_HOST)";
				CODE_SIGN_STYLE = Automatic;
				CURRENT_PROJECT_VERSION = 1;
				GENERATE_INFOPLIST_FILE = YES;
				IPHONEOS_DEPLOYMENT_TARGET = 15.4;
				MARKETING_VERSION = 1.0;
				PRODUCT_BUNDLE_IDENTIFIER = memo.com.PreworkTests;
				PRODUCT_NAME = "$(TARGET_NAME)";
				SWIFT_EMIT_LOC_STRINGS = NO;
				SWIFT_VERSION = 5.0;
				TARGETED_DEVICE_FAMILY = "1,2";
				TEST_HOST = "$(BUILT_PRODUCTS_DIR)/Prework.app/Prework";
			};
			name = Debug;
		};
		927AFA4E282CE1CA002B7F5D /* Release */ = {
			isa = XCBuildConfiguration;
			buildSettings = {
				ALWAYS_EMBED_SWIFT_STANDARD_LIBRARIES = YES;
				BUNDLE_LOADER = "$(TEST_HOST)";
				CODE_SIGN_STYLE = Automatic;
				CURRENT_PROJECT_VERSION = 1;
				GENERATE_INFOPLIST_FILE = YES;
				IPHONEOS_DEPLOYMENT_TARGET = 15.4;
				MARKETING_VERSION = 1.0;
				PRODUCT_BUNDLE_IDENTIFIER = memo.com.PreworkTests;
				PRODUCT_NAME = "$(TARGET_NAME)";
				SWIFT_EMIT_LOC_STRINGS = NO;
				SWIFT_VERSION = 5.0;
				TARGETED_DEVICE_FAMILY = "1,2";
				TEST_HOST = "$(BUILT_PRODUCTS_DIR)/Prework.app/Prework";
			};
			name = Release;
		};
		927AFA50282CE1CA002B7F5D /* Debug */ = {
			isa = XCBuildConfiguration;
			buildSettings = {
				ALWAYS_EMBED_SWIFT_STANDARD_LIBRARIES = YES;
				CODE_SIGN_STYLE = Automatic;
				CURRENT_PROJECT_VERSION = 1;
				GENERATE_INFOPLIST_FILE = YES;
				MARKETING_VERSION = 1.0;
				PRODUCT_BUNDLE_IDENTIFIER = memo.com.PreworkUITests;
				PRODUCT_NAME = "$(TARGET_NAME)";
				SWIFT_EMIT_LOC_STRINGS = NO;
				SWIFT_VERSION = 5.0;
				TARGETED_DEVICE_FAMILY = "1,2";
				TEST_TARGET_NAME = Prework;
			};
			name = Debug;
		};
		927AFA51282CE1CA002B7F5D /* Release */ = {
			isa = XCBuildConfiguration;
			buildSettings = {
				ALWAYS_EMBED_SWIFT_STANDARD_LIBRARIES = YES;
				CODE_SIGN_STYLE = Automatic;
				CURRENT_PROJECT_VERSION = 1;
				GENERATE_INFOPLIST_FILE = YES;
				MARKETING_VERSION = 1.0;
				PRODUCT_BUNDLE_IDENTIFIER = memo.com.PreworkUITests;
				PRODUCT_NAME = "$(TARGET_NAME)";
				SWIFT_EMIT_LOC_STRINGS = NO;
				SWIFT_VERSION = 5.0;
				TARGETED_DEVICE_FAMILY = "1,2";
				TEST_TARGET_NAME = Prework;
			};
			name = Release;
		};
/* End XCBuildConfiguration section */

/* Begin XCConfigurationList section */
		927AFA1A282CE1C6002B7F5D /* Build configuration list for PBXProject "Prework" */ = {
			isa = XCConfigurationList;
			buildConfigurations = (
				927AFA47282CE1CA002B7F5D /* Debug */,
				927AFA48282CE1CA002B7F5D /* Release */,
			);
			defaultConfigurationIsVisible = 0;
			defaultConfigurationName = Release;
		};
		927AFA49282CE1CA002B7F5D /* Build configuration list for PBXNativeTarget "Prework" */ = {
			isa = XCConfigurationList;
			buildConfigurations = (
				927AFA4A282CE1CA002B7F5D /* Debug */,
				927AFA4B282CE1CA002B7F5D /* Release */,
			);
			defaultConfigurationIsVisible = 0;
			defaultConfigurationName = Release;
		};
		927AFA4C282CE1CA002B7F5D /* Build configuration list for PBXNativeTarget "PreworkTests" */ = {
			isa = XCConfigurationList;
			buildConfigurations = (
				927AFA4D282CE1CA002B7F5D /* Debug */,
				927AFA4E282CE1CA002B7F5D /* Release */,
			);
			defaultConfigurationIsVisible = 0;
			defaultConfigurationName = Release;
		};
		927AFA4F282CE1CA002B7F5D /* Build configuration list for PBXNativeTarget "PreworkUITests" */ = {
			isa = XCConfigurationList;
			buildConfigurations = (
				927AFA50282CE1CA002B7F5D /* Debug */,
				927AFA51282CE1CA002B7F5D /* Release */,
			);
			defaultConfigurationIsVisible = 0;
			defaultConfigurationName = Release;
		};
/* End XCConfigurationList section */
	};
	rootObject = 927AFA17282CE1C6002B7F5D /* Project object */;
}
